
Microsoft Visual Studio Solution File, Format Version 12.00
# Visual Studio Express 2012 for Windows Desktop
Project("{FAE04EC0-301F-11D3-BF4B-00C04F79EFBC}") = "hbm2ddl.Examples", "hbm2ddl.Examples\hbm2ddl.Examples.csproj", "{0B43D11D-513A-4F9E-8696-AD84A7094441}"
EndProject
Global
	GlobalSection(SolutionConfigurationPlatforms) = preSolution
		Debug|Any CPU = Debug|Any CPU
		Release|Any CPU = Release|Any CPU
	EndGlobalSection
	GlobalSection(ProjectConfigurationPlatforms) = postSolution
		{0B43D11D-513A-4F9E-8696-AD84A7094441}.Debug|Any CPU.ActiveCfg = Debug|Any CPU
		{0B43D11D-513A-4F9E-8696-AD84A7094441}.Debug|Any CPU.Build.0 = Debug|Any CPU
		{0B43D11D-513A-4F9E-8696-AD84A7094441}.Release|Any CPU.ActiveCfg = Release|Any CPU
		{0B43D11D-513A-4F9E-8696-AD84A7094441}.Release|Any CPU.Build.0 = Release|Any CPU
	EndGlobalSection
	GlobalSection(SolutionProperties) = preSolution
		HideSolutionNode = FALSE
	EndGlobalSection
EndGlobal
